
Microsoft Visual Studio Solution File, Format Version 12.00
# Visual Studio Version 17
VisualStudioVersion = 17.3.32819.101
MinimumVisualStudioVersion = 10.0.40219.1
Project("{FAE04EC0-301F-11D3-BF4B-00C04F79EFBC}") = "Proje-1", "Proje-1.csproj", "{780E4135-90BE-4AB2-B2E2-645BA9FB720A}"
EndProject
Global
	GlobalSection(SolutionConfigurationPlatforms) = preSolution
		Debug|Any CPU = Debug|Any CPU
		Release|Any CPU = Release|Any CPU
	EndGlobalSection
	GlobalSection(ProjectConfigurationPlatforms) = postSolution
		{780E4135-90BE-4AB2-B2E2-645BA9FB720A}.Debug|Any CPU.ActiveCfg = Debug|Any CPU
		{780E4135-90BE-4AB2-B2E2-645BA9FB720A}.Debug|Any CPU.Build.0 = Debug|Any CPU
		{780E4135-90BE-4AB2-B2E2-645BA9FB720A}.Release|Any CPU.ActiveCfg = Release|Any CPU
		{780E4135-90BE-4AB2-B2E2-645BA9FB720A}.Release|Any CPU.Build.0 = Release|Any CPU
	EndGlobalSection
	GlobalSection(SolutionProperties) = preSolution
		HideSolutionNode = FALSE
	EndGlobalSection
	GlobalSection(ExtensibilityGlobals) = postSolution
		SolutionGuid = {216E3478-6303-4DF6-9D45-656191EA4473}
	EndGlobalSection
EndGlobal
